// !$*UTF8*$!
{
	archiveVersion = 1;
	classes = {
	};
	objectVersion = 48;
	objects = {

/* Begin PBXBuildFile section */
		7E92E9801F0A2BF20050CF6A /* AppDelegate.swift in Sources */ = {isa = PBXBuildFile; fileRef = 7E92E97F1F0A2BF20050CF6A /* AppDelegate.swift */; };
		7E92E9821F0A2BF20050CF6A /* ViewController.swift in Sources */ = {isa = PBXBuildFile; fileRef = 7E92E9811F0A2BF20050CF6A /* ViewController.swift */; };
		7E92E9851F0A2BF20050CF6A /* Main.storyboard in Resources */ = {isa = PBXBuildFile; fileRef = 7E92E9831F0A2BF20050CF6A /* Main.storyboard */; };
		7E92E9871F0A2BF20050CF6A /* Assets.xcassets in Resources */ = {isa = PBXBuildFile; fileRef = 7E92E9861F0A2BF20050CF6A /* Assets.xcassets */; };
		7E92E98A1F0A2BF20050CF6A /* LaunchScreen.storyboard in Resources */ = {isa = PBXBuildFile; fileRef = 7E92E9881F0A2BF20050CF6A /* LaunchScreen.storyboard */; };
/* End PBXBuildFile section */

/* Begin PBXFileReference section */
		7E92E97C1F0A2BF20050CF6A /* SwiftOverload.app */ = {isa = PBXFileReference; explicitFileType = wrapper.application; includeInIndex = 0; path = SwiftOverload.app; sourceTree = BUILT_PRODUCTS_DIR; };
		7E92E97F1F0A2BF20050CF6A /* AppDelegate.swift */ = {isa = PBXFileReference; lastKnownFileType = sourcecode.swift; path = AppDelegate.swift; sourceTree = "<group>"; };
		7E92E9811F0A2BF20050CF6A /* ViewController.swift */ = {isa = PBXFileReference; lastKnownFileType = sourcecode.swift; path = ViewController.swift; sourceTree = "<group>"; };
		7E92E9841F0A2BF20050CF6A /* Base */ = {isa = PBXFileReference; lastKnownFileType = file.storyboard; name = Base; path = Base.lproj/Main.storyboard; sourceTree = "<group>"; };
		7E92E9861F0A2BF20050CF6A /* Assets.xcassets */ = {isa = PBXFileReference; lastKnownFileType = folder.assetcatalog; path = Assets.xcassets; sourceTree = "<group>"; };
		7E92E9891F0A2BF20050CF6A /* Base */ = {isa = PBXFileReference; lastKnownFileType = file.storyboard; name = Base; path = Base.lproj/LaunchScreen.storyboard; sourceTree = "<group>"; };
		7E92E98B1F0A2BF20050CF6A /* Info.plist */ = {isa = PBXFileReference; lastKnownFileType = text.plist.xml; path = Info.plist; sourceTree = "<group>"; };
/* End PBXFileReference section */

/* Begin PBXFrameworksBuildPhase section */
		7E92E9791F0A2BF20050CF6A /* Frameworks */ = {
			isa = PBXFrameworksBuildPhase;
			buildActionMask = 2147483647;
			files = (
			);
			runOnlyForDeploymentPostprocessing = 0;
		};
/* End PBXFrameworksBuildPhase section */

/* Begin PBXGroup section */
		7E92E9731F0A2BF20050CF6A = {
			isa = PBXGroup;
			children = (
				7E92E97E1F0A2BF20050CF6A /* SwiftOverload */,
				7E92E97D1F0A2BF20050CF6A /* Products */,
			);
			sourceTree = "<group>";
		};
		7E92E97D1F0A2BF20050CF6A /* Products */ = {
			isa = PBXGroup;
			children = (
				7E92E97C1F0A2BF20050CF6A /* SwiftOverload.app */,
			);
			name = Products;
			sourceTree = "<group>";
		};
		7E92E97E1F0A2BF20050CF6A /* SwiftOverload */ = {
			isa = PBXGroup;
			children = (
				7E92E97F1F0A2BF20050CF6A /* AppDelegate.swift */,
				7E92E9811F0A2BF20050CF6A /* ViewController.swift */,
				7E92E9831F0A2BF20050CF6A /* Main.storyboard */,
				7E92E9861F0A2BF20050CF6A /* Assets.xcassets */,
				7E92E9881F0A2BF20050CF6A /* LaunchScreen.storyboard */,
				7E92E98B1F0A2BF20050CF6A /* Info.plist */,
			);
			path = SwiftOverload;
			sourceTree = "<group>";
		};
/* End PBXGroup section */

/* Begin PBXNativeTarget section */
		7E92E97B1F0A2BF20050CF6A /* SwiftOverload */ = {
			isa = PBXNativeTarget;
			buildConfigurationList = 7E92E98E1F0A2BF20050CF6A /* Build configuration list for PBXNativeTarget "SwiftOverload" */;
			buildPhases = (
				7E92E9781F0A2BF20050CF6A /* Sources */,
				7E92E9791F0A2BF20050CF6A /* Frameworks */,
				7E92E97A1F0A2BF20050CF6A /* Resources */,
			);
			buildRules = (
			);
			dependencies = (
			);
			name = SwiftOverload;
			productName = SwiftOverload;
			productReference = 7E92E97C1F0A2BF20050CF6A /* SwiftOverload.app */;
			productType = "com.apple.product-type.application";
		};
/* End PBXNativeTarget section */

/* Begin PBXProject section */
		7E92E9741F0A2BF20050CF6A /* Project object */ = {
			isa = PBXProject;
			attributes = {
				LastSwiftUpdateCheck = 0900;
				LastUpgradeCheck = 0900;
				ORGANIZATIONNAME = "Milan de Ruiter";
				TargetAttributes = {
					7E92E97B1F0A2BF20050CF6A = {
						CreatedOnToolsVersion = 9.0;
					};
				};
			};
			buildConfigurationList = 7E92E9771F0A2BF20050CF6A /* Build configuration list for PBXProject "SwiftOverload" */;
			compatibilityVersion = "Xcode 8.0";
			developmentRegion = en;
			hasScannedForEncodings = 0;
			knownRegions = (
				en,
				Base,
			);
			mainGroup = 7E92E9731F0A2BF20050CF6A;
			productRefGroup = 7E92E97D1F0A2BF20050CF6A /* Products */;
			projectDirPath = "";
			projectRoot = "";
			targets = (
				7E92E97B1F0A2BF20050CF6A /* SwiftOverload */,
			);
		};
/* End PBXProject section */

/* Begin PBXResourcesBuildPhase section */
		7E92E97A1F0A2BF20050CF6A /* Resources */ = {
			isa = PBXResourcesBuildPhase;
			buildActionMask = 2147483647;
			files = (
				7E92E98A1F0A2BF20050CF6A /* LaunchScreen.storyboard in Resources */,
				7E92E9871F0A2BF20050CF6A /* Assets.xcassets in Resources */,
				7E92E9851F0A2BF20050CF6A /* Main.storyboard in Resources */,
			);
			runOnlyForDeploymentPostprocessing = 0;
		};
/* End PBXResourcesBuildPhase section */

/* Begin PBXSourcesBuildPhase section */
		7E92E9781F0A2BF20050CF6A /* Sources */ = {
			isa = PBXSourcesBuildPhase;
			buildActionMask = 2147483647;
			files = (
				7E92E9821F0A2BF20050CF6A /* ViewController.swift in Sources */,
				7E92E9801F0A2BF20050CF6A /* AppDelegate.swift in Sources */,
			);
			runOnlyForDeploymentPostprocessing = 0;
		};
/* End PBXSourcesBuildPhase section */

/* Begin PBXVariantGroup section */
		7E92E9831F0A2BF20050CF6A /* Main.storyboard */ = {
			isa = PBXVariantGroup;
			children = (
				7E92E9841F0A2BF20050CF6A /* Base */,
			);
			name = Main.storyboard;
			sourceTree = "<group>";
		};
		7E92E9881F0A2BF20050CF6A /* LaunchScreen.storyboard */ = {
			isa = PBXVariantGroup;
			children = (
				7E92E9891F0A2BF20050CF6A /* Base */,
			);
			name = LaunchScreen.storyboard;
			sourceTree = "<group>";
		};
/* End PBXVariantGroup section */

/* Begin XCBuildConfiguration section */
		7E92E98C1F0A2BF20050CF6A /* Debug */ = {
			isa = XCBuildConfiguration;
			buildSettings = {
				ALWAYS_SEARCH_USER_PATHS = NO;
				CLANG_ANALYZER_NONNULL = YES;
				CLANG_ANALYZER_NUMBER_OBJECT_CONVERSION = YES_AGGRESSIVE;
				CLANG_CXX_LANGUAGE_STANDARD = "gnu++14";
				CLANG_CXX_LIBRARY = "libc++";
				CLANG_ENABLE_MODULES = YES;
				CLANG_ENABLE_OBJC_ARC = YES;
				CLANG_WARN_BLOCK_CAPTURE_AUTORELEASING = YES;
				CLANG_WARN_BOOL_CONVERSION = YES;
				CLANG_WARN_COMMA = YES;
				CLANG_WARN_CONSTANT_CONVERSION = YES;
				CLANG_WARN_DIRECT_OBJC_ISA_USAGE = YES_ERROR;
				CLANG_WARN_DOCUMENTATION_COMMENTS = YES;
				CLANG_WARN_EMPTY_BODY = YES;
				CLANG_WARN_ENUM_CONVERSION = YES;
				CLANG_WARN_INFINITE_RECURSION = YES;
				CLANG_WARN_INT_CONVERSION = YES;
				CLANG_WARN_OBJC_ROOT_CLASS = YES_ERROR;
				CLANG_WARN_RANGE_LOOP_ANALYSIS = YES;
				CLANG_WARN_STRICT_PROTOTYPES = YES;
				CLANG_WARN_SUSPICIOUS_MOVE = YES;
				CLANG_WARN_UNGUARDED_AVAILABILITY = YES_AGGRESSIVE;
				CLANG_WARN_UNREACHABLE_CODE = YES;
				CLANG_WARN__DUPLICATE_METHOD_MATCH = YES;
				CODE_SIGN_IDENTITY = "iPhone Developer";
				COPY_PHASE_STRIP = NO;
				DEBUG_INFORMATION_FORMAT = dwarf;
				ENABLE_STRICT_OBJC_MSGSEND = YES;
				ENABLE_TESTABILITY = YES;
				GCC_C_LANGUAGE_STANDARD = gnu11;
				GCC_DYNAMIC_NO_PIC = NO;
				GCC_NO_COMMON_BLOCKS = YES;
				GCC_OPTIMIZATION_LEVEL = 0;
				GCC_PREPROCESSOR_DEFINITIONS = (
					"DEBUG=1",
					"$(inherited)",
				);
				GCC_WARN_64_TO_32_BIT_CONVERSION = YES;
				GCC_WARN_ABOUT_RETURN_TYPE = YES_ERROR;
				GCC_WARN_UNDECLARED_SELECTOR = YES;
				GCC_WARN_UNINITIALIZED_AUTOS = YES_AGGRESSIVE;
				GCC_WARN_UNUSED_FUNCTION = YES;
				GCC_WARN_UNUSED_VARIABLE = YES;
				IPHONEOS_DEPLOYMENT_TARGET = 11.0;
				MTL_ENABLE_DEBUG_INFO = YES;
				ONLY_ACTIVE_ARCH = YES;
				SDKROOT = iphoneos;
				SWIFT_ACTIVE_COMPILATION_CONDITIONS = DEBUG;
				SWIFT_OPTIMIZATION_LEVEL = "-Onone";
			};
			name = Debug;
		};
		7E92E98D1F0A2BF20050CF6A /* Release */ = {
			isa = XCBuildConfiguration;
			buildSettings = {
				ALWAYS_SEARCH_USER_PATHS = NO;
				CLANG_ANALYZER_NONNULL = YES;
				CLANG_ANALYZER_NUMBER_OBJECT_CONVERSION = YES_AGGRESSIVE;
				CLANG_CXX_LANGUAGE_STANDARD = "gnu++14";
				CLANG_CXX_LIBRARY = "libc++";
				CLANG_ENABLE_MODULES = YES;
				CLANG_ENABLE_OBJC_ARC = YES;
				CLANG_WARN_BLOCK_CAPTURE_AUTORELEASING = YES;
				CLANG_WARN_BOOL_CONVERSION = YES;
				CLANG_WARN_COMMA = YES;
				CLANG_WARN_CONSTANT_CONVERSION = YES;
				CLANG_WARN_DIRECT_OBJC_ISA_USAGE = YES_ERROR;
				CLANG_WARN_DOCUMENTATION_COMMENTS = YES;
				CLANG_WARN_EMPTY_BODY = YES;
				CLANG_WARN_ENUM_CONVERSION = YES;
				CLANG_WARN_INFINITE_RECURSION = YES;
				CLANG_WARN_INT_CONVERSION = YES;
				CLANG_WARN_OBJC_ROOT_CLASS = YES_ERROR;
				CLANG_WARN_RANGE_LOOP_ANALYSIS = YES;
				CLANG_WARN_STRICT_PROTOTYPES = YES;
				CLANG_WARN_SUSPICIOUS_MOVE = YES;
				CLANG_WARN_UNGUARDED_AVAILABILITY = YES_AGGRESSIVE;
				CLANG_WARN_UNREACHABLE_CODE = YES;
				CLANG_WARN__DUPLICATE_METHOD_MATCH = YES;
				CODE_SIGN_IDENTITY = "iPhone Developer";
				COPY_PHASE_STRIP = NO;
				DEBUG_INFORMATION_FORMAT = "dwarf-with-dsym";
				ENABLE_NS_ASSERTIONS = NO;
				ENABLE_STRICT_OBJC_MSGSEND = YES;
				GCC_C_LANGUAGE_STANDARD = gnu11;
				GCC_NO_COMMON_BLOCKS = YES;
				GCC_WARN_64_TO_32_BIT_CONVERSION = YES;
				GCC_WARN_ABOUT_RETURN_TYPE = YES_ERROR;
				GCC_WARN_UNDECLARED_SELECTOR = YES;
				GCC_WARN_UNINITIALIZED_AUTOS = YES_AGGRESSIVE;
				GCC_WARN_UNUSED_FUNCTION = YES;
				GCC_WARN_UNUSED_VARIABLE = YES;
				IPHONEOS_DEPLOYMENT_TARGET = 11.0;
				MTL_ENABLE_DEBUG_INFO = NO;
				SDKROOT = iphoneos;
				SWIFT_OPTIMIZATION_LEVEL = "-Owholemodule";
				VALIDATE_PRODUCT = YES;
			};
			name = Release;
		};
		7E92E98F1F0A2BF20050CF6A /* Debug */ = {
			isa = XCBuildConfiguration;
			buildSettings = {
				ASSETCATALOG_COMPILER_APPICON_NAME = AppIcon;
				DEVELOPMENT_TEAM = T8ANZ4399N;
				INFOPLIST_FILE = SwiftOverload/Info.plist;
				LD_RUNPATH_SEARCH_PATHS = "$(inherited) @executable_path/Frameworks";
				PRODUCT_BUNDLE_IDENTIFIER = com.milanderuiter.SwiftOverload;
				PRODUCT_NAME = "$(TARGET_NAME)";
				SWIFT_VERSION = 4.0;
				TARGETED_DEVICE_FAMILY = "1,2";
			};
			name = Debug;
		};
		7E92E9901F0A2BF20050CF6A /* Release */ = {
			isa = XCBuildConfiguration;
			buildSettings = {
				ASSETCATALOG_COMPILER_APPICON_NAME = AppIcon;
				DEVELOPMENT_TEAM = T8ANZ4399N;
				INFOPLIST_FILE = SwiftOverload/Info.plist;
				LD_RUNPATH_SEARCH_PATHS = "$(inherited) @executable_path/Frameworks";
				PRODUCT_BUNDLE_IDENTIFIER = com.milanderuiter.SwiftOverload;
				PRODUCT_NAME = "$(TARGET_NAME)";
				SWIFT_VERSION = 4.0;
				TARGETED_DEVICE_FAMILY = "1,2";
			};
			name = Release;
		};
/* End XCBuildConfiguration section */

/* Begin XCConfigurationList section */
		7E92E9771F0A2BF20050CF6A /* Build configuration list for PBXProject "SwiftOverload" */ = {
			isa = XCConfigurationList;
			buildConfigurations = (
				7E92E98C1F0A2BF20050CF6A /* Debug */,
				7E92E98D1F0A2BF20050CF6A /* Release */,
			);
			defaultConfigurationIsVisible = 0;
			defaultConfigurationName = Release;
		};
		7E92E98E1F0A2BF20050CF6A /* Build configuration list for PBXNativeTarget "SwiftOverload" */ = {
			isa = XCConfigurationList;
			buildConfigurations = (
				7E92E98F1F0A2BF20050CF6A /* Debug */,
				7E92E9901F0A2BF20050CF6A /* Release */,
			);
			defaultConfigurationIsVisible = 0;
		};
/* End XCConfigurationList section */
	};
	rootObject = 7E92E9741F0A2BF20050CF6A /* Project object */;
}
